
Microsoft Visual Studio Solution File, Format Version 12.00
# Visual Studio Version 16
VisualStudioVersion = 16.0.30503.244
MinimumVisualStudioVersion = 10.0.40219.1
Project("{FAE04EC0-301F-11D3-BF4B-00C04F79EFBC}") = "Prb.OpleidingsInfo.Wpf", "Prb.OpleidingsInfo.Wpf\Prb.OpleidingsInfo.Wpf.csproj", "{62FB744A-A267-47E1-B6FE-6437CBB1A78F}"
EndProject
Global
	GlobalSection(SolutionConfigurationPlatforms) = preSolution
		Debug|Any CPU = Debug|Any CPU
		Release|Any CPU = Release|Any CPU
	EndGlobalSection
	GlobalSection(ProjectConfigurationPlatforms) = postSolution
		{62FB744A-A267-47E1-B6FE-6437CBB1A78F}.Debug|Any CPU.ActiveCfg = Debug|Any CPU
		{62FB744A-A267-47E1-B6FE-6437CBB1A78F}.Debug|Any CPU.Build.0 = Debug|Any CPU
		{62FB744A-A267-47E1-B6FE-6437CBB1A78F}.Release|Any CPU.ActiveCfg = Release|Any CPU
		{62FB744A-A267-47E1-B6FE-6437CBB1A78F}.Release|Any CPU.Build.0 = Release|Any CPU
	EndGlobalSection
	GlobalSection(SolutionProperties) = preSolution
		HideSolutionNode = FALSE
	EndGlobalSection
	GlobalSection(ExtensibilityGlobals) = postSolution
		SolutionGuid = {AF27F471-C1A3-43D3-ADEE-1EAFEF6BB18D}
	EndGlobalSection
EndGlobal
