
Microsoft Visual Studio Solution File, Format Version 12.00
# Visual Studio Version 17
VisualStudioVersion = 17.14.36518.9 d17.14
MinimumVisualStudioVersion = 10.0.40219.1
Project("{FAE04EC0-301F-11D3-BF4B-00C04F79EFBC}") = "Prb.Variabelen.Cons", "Prb.Variabelen.Cons\Prb.Variabelen.Cons.csproj", "{A24C90E7-B78D-4A82-AD9F-4F45A72B379A}"
EndProject
Global
	GlobalSection(SolutionConfigurationPlatforms) = preSolution
		Debug|Any CPU = Debug|Any CPU
		Release|Any CPU = Release|Any CPU
	EndGlobalSection
	GlobalSection(ProjectConfigurationPlatforms) = postSolution
		{A24C90E7-B78D-4A82-AD9F-4F45A72B379A}.Debug|Any CPU.ActiveCfg = Debug|Any CPU
		{A24C90E7-B78D-4A82-AD9F-4F45A72B379A}.Debug|Any CPU.Build.0 = Debug|Any CPU
		{A24C90E7-B78D-4A82-AD9F-4F45A72B379A}.Release|Any CPU.ActiveCfg = Release|Any CPU
		{A24C90E7-B78D-4A82-AD9F-4F45A72B379A}.Release|Any CPU.Build.0 = Release|Any CPU
	EndGlobalSection
	GlobalSection(SolutionProperties) = preSolution
		HideSolutionNode = FALSE
	EndGlobalSection
	GlobalSection(ExtensibilityGlobals) = postSolution
		SolutionGuid = {1D5763A0-1107-4D4D-8518-52119186730D}
	EndGlobalSection
EndGlobal
