
Microsoft Visual Studio Solution File, Format Version 12.00
# Visual Studio Version 17
VisualStudioVersion = 17.14.36518.9 d17.14
MinimumVisualStudioVersion = 10.0.40219.1
Project("{FAE04EC0-301F-11D3-BF4B-00C04F79EFBC}") = "Prb.Methods.Demo.Cons", "Prb.Methods.Demo.Cons\Prb.Methods.Demo.Cons.csproj", "{B1466CC7-72A9-4FA8-B061-DD9FDE7E417D}"
EndProject
Global
	GlobalSection(SolutionConfigurationPlatforms) = preSolution
		Debug|Any CPU = Debug|Any CPU
		Release|Any CPU = Release|Any CPU
	EndGlobalSection
	GlobalSection(ProjectConfigurationPlatforms) = postSolution
		{B1466CC7-72A9-4FA8-B061-DD9FDE7E417D}.Debug|Any CPU.ActiveCfg = Debug|Any CPU
		{B1466CC7-72A9-4FA8-B061-DD9FDE7E417D}.Debug|Any CPU.Build.0 = Debug|Any CPU
		{B1466CC7-72A9-4FA8-B061-DD9FDE7E417D}.Release|Any CPU.ActiveCfg = Release|Any CPU
		{B1466CC7-72A9-4FA8-B061-DD9FDE7E417D}.Release|Any CPU.Build.0 = Release|Any CPU
	EndGlobalSection
	GlobalSection(SolutionProperties) = preSolution
		HideSolutionNode = FALSE
	EndGlobalSection
	GlobalSection(ExtensibilityGlobals) = postSolution
		SolutionGuid = {718A223B-73A8-4A33-90D6-F0E48A4CAAED}
	EndGlobalSection
EndGlobal
