
Microsoft Visual Studio Solution File, Format Version 12.00
# Visual Studio Version 17
VisualStudioVersion = 17.14.36518.9 d17.14
MinimumVisualStudioVersion = 10.0.40219.1
Project("{FAE04EC0-301F-11D3-BF4B-00C04F79EFBC}") = "Prb.Inleiding.HelloWorlds.Web", "Prb.Inleiding.HelloWorlds.Web\Prb.Inleiding.HelloWorlds.Web.csproj", "{15F5A3F3-9BE3-4160-9ECE-8090F9BF7E25}"
EndProject
Global
	GlobalSection(SolutionConfigurationPlatforms) = preSolution
		Debug|Any CPU = Debug|Any CPU
		Release|Any CPU = Release|Any CPU
	EndGlobalSection
	GlobalSection(ProjectConfigurationPlatforms) = postSolution
		{15F5A3F3-9BE3-4160-9ECE-8090F9BF7E25}.Debug|Any CPU.ActiveCfg = Debug|Any CPU
		{15F5A3F3-9BE3-4160-9ECE-8090F9BF7E25}.Debug|Any CPU.Build.0 = Debug|Any CPU
		{15F5A3F3-9BE3-4160-9ECE-8090F9BF7E25}.Release|Any CPU.ActiveCfg = Release|Any CPU
		{15F5A3F3-9BE3-4160-9ECE-8090F9BF7E25}.Release|Any CPU.Build.0 = Release|Any CPU
	EndGlobalSection
	GlobalSection(SolutionProperties) = preSolution
		HideSolutionNode = FALSE
	EndGlobalSection
	GlobalSection(ExtensibilityGlobals) = postSolution
		SolutionGuid = {A065609B-81A3-4749-AE6C-FAC86F317157}
	EndGlobalSection
EndGlobal
